// !$*UTF8*$!
{
	archiveVersion = 1;
	classes = {
	};
	objectVersion = 46;
	objects = {

/* Begin PBXBuildFile section */
		845D26641C0157CB00C450A6 /* main.m in Sources */ = {isa = PBXBuildFile; fileRef = 845D26631C0157CB00C450A6 /* main.m */; };
		845D26671C0157CB00C450A6 /* AppDelegate.m in Sources */ = {isa = PBXBuildFile; fileRef = 845D26661C0157CB00C450A6 /* AppDelegate.m */; };
		845D266A1C0157CB00C450A6 /* ViewController.m in Sources */ = {isa = PBXBuildFile; fileRef = 845D26691C0157CB00C450A6 /* ViewController.m */; };
		845D266D1C0157CB00C450A6 /* Main.storyboard in Resources */ = {isa = PBXBuildFile; fileRef = 845D266B1C0157CB00C450A6 /* Main.storyboard */; };
		845D26701C0157CB00C450A6 /* Hanzi.xcdatamodeld in Sources */ = {isa = PBXBuildFile; fileRef = 845D266E1C0157CB00C450A6 /* Hanzi.xcdatamodeld */; };
		845D26721C0157CB00C450A6 /* Assets.xcassets in Resources */ = {isa = PBXBuildFile; fileRef = 845D26711C0157CB00C450A6 /* Assets.xcassets */; };
		845D26751C0157CB00C450A6 /* LaunchScreen.storyboard in Resources */ = {isa = PBXBuildFile; fileRef = 845D26731C0157CB00C450A6 /* LaunchScreen.storyboard */; };
		845D26801C0157CC00C450A6 /* HanziTests.m in Sources */ = {isa = PBXBuildFile; fileRef = 845D267F1C0157CC00C450A6 /* HanziTests.m */; };
		845D268B1C0157CC00C450A6 /* HanziUITests.m in Sources */ = {isa = PBXBuildFile; fileRef = 845D268A1C0157CC00C450A6 /* HanziUITests.m */; };
/* End PBXBuildFile section */

/* Begin PBXContainerItemProxy section */
		845D267C1C0157CC00C450A6 /* PBXContainerItemProxy */ = {
			isa = PBXContainerItemProxy;
			containerPortal = 845D26571C0157CB00C450A6 /* Project object */;
			proxyType = 1;
			remoteGlobalIDString = 845D265E1C0157CB00C450A6;
			remoteInfo = Hanzi;
		};
		845D26871C0157CC00C450A6 /* PBXContainerItemProxy */ = {
			isa = PBXContainerItemProxy;
			containerPortal = 845D26571C0157CB00C450A6 /* Project object */;
			proxyType = 1;
			remoteGlobalIDString = 845D265E1C0157CB00C450A6;
			remoteInfo = Hanzi;
		};
/* End PBXContainerItemProxy section */

/* Begin PBXFileReference section */
		845D265F1C0157CB00C450A6 /* Hanzi.app */ = {isa = PBXFileReference; explicitFileType = wrapper.application; includeInIndex = 0; path = Hanzi.app; sourceTree = BUILT_PRODUCTS_DIR; };
		845D26631C0157CB00C450A6 /* main.m */ = {isa = PBXFileReference; lastKnownFileType = sourcecode.c.objc; path = main.m; sourceTree = "<group>"; };
		845D26651C0157CB00C450A6 /* AppDelegate.h */ = {isa = PBXFileReference; lastKnownFileType = sourcecode.c.h; path = AppDelegate.h; sourceTree = "<group>"; };
		845D26661C0157CB00C450A6 /* AppDelegate.m */ = {isa = PBXFileReference; lastKnownFileType = sourcecode.c.objc; path = AppDelegate.m; sourceTree = "<group>"; };
		845D26681C0157CB00C450A6 /* ViewController.h */ = {isa = PBXFileReference; lastKnownFileType = sourcecode.c.h; path = ViewController.h; sourceTree = "<group>"; };
		845D26691C0157CB00C450A6 /* ViewController.m */ = {isa = PBXFileReference; lastKnownFileType = sourcecode.c.objc; path = ViewController.m; sourceTree = "<group>"; };
		845D266C1C0157CB00C450A6 /* Base */ = {isa = PBXFileReference; lastKnownFileType = file.storyboard; name = Base; path = Base.lproj/Main.storyboard; sourceTree = "<group>"; };
		845D266F1C0157CB00C450A6 /* Hanzi.xcdatamodel */ = {isa = PBXFileReference; lastKnownFileType = wrapper.xcdatamodel; path = Hanzi.xcdatamodel; sourceTree = "<group>"; };
		845D26711C0157CB00C450A6 /* Assets.xcassets */ = {isa = PBXFileReference; lastKnownFileType = folder.assetcatalog; path = Assets.xcassets; sourceTree = "<group>"; };
		845D26741C0157CB00C450A6 /* Base */ = {isa = PBXFileReference; lastKnownFileType = file.storyboard; name = Base; path = Base.lproj/LaunchScreen.storyboard; sourceTree = "<group>"; };
		845D26761C0157CB00C450A6 /* Info.plist */ = {isa = PBXFileReference; lastKnownFileType = text.plist.xml; path = Info.plist; sourceTree = "<group>"; };
		845D267B1C0157CC00C450A6 /* HanziTests.xctest */ = {isa = PBXFileReference; explicitFileType = wrapper.cfbundle; includeInIndex = 0; path = HanziTests.xctest; sourceTree = BUILT_PRODUCTS_DIR; };
		845D267F1C0157CC00C450A6 /* HanziTests.m */ = {isa = PBXFileReference; lastKnownFileType = sourcecode.c.objc; path = HanziTests.m; sourceTree = "<group>"; };
		845D26811C0157CC00C450A6 /* Info.plist */ = {isa = PBXFileReference; lastKnownFileType = text.plist.xml; path = Info.plist; sourceTree = "<group>"; };
		845D26861C0157CC00C450A6 /* HanziUITests.xctest */ = {isa = PBXFileReference; explicitFileType = wrapper.cfbundle; includeInIndex = 0; path = HanziUITests.xctest; sourceTree = BUILT_PRODUCTS_DIR; };
		845D268A1C0157CC00C450A6 /* HanziUITests.m */ = {isa = PBXFileReference; lastKnownFileType = sourcecode.c.objc; path = HanziUITests.m; sourceTree = "<group>"; };
		845D268C1C0157CC00C450A6 /* Info.plist */ = {isa = PBXFileReference; lastKnownFileType = text.plist.xml; path = Info.plist; sourceTree = "<group>"; };
/* End PBXFileReference section */

/* Begin PBXFrameworksBuildPhase section */
		845D265C1C0157CB00C450A6 /* Frameworks */ = {
			isa = PBXFrameworksBuildPhase;
			buildActionMask = 2147483647;
			files = (
			);
			runOnlyForDeploymentPostprocessing = 0;
		};
		845D26781C0157CC00C450A6 /* Frameworks */ = {
			isa = PBXFrameworksBuildPhase;
			buildActionMask = 2147483647;
			files = (
			);
			runOnlyForDeploymentPostprocessing = 0;
		};
		845D26831C0157CC00C450A6 /* Frameworks */ = {
			isa = PBXFrameworksBuildPhase;
			buildActionMask = 2147483647;
			files = (
			);
			runOnlyForDeploymentPostprocessing = 0;
		};
/* End PBXFrameworksBuildPhase section */

/* Begin PBXGroup section */
		845D26561C0157CB00C450A6 = {
			isa = PBXGroup;
			children = (
				845D26611C0157CB00C450A6 /* Hanzi */,
				845D267E1C0157CC00C450A6 /* HanziTests */,
				845D26891C0157CC00C450A6 /* HanziUITests */,
				845D26601C0157CB00C450A6 /* Products */,
			);
			sourceTree = "<group>";
		};
		845D26601C0157CB00C450A6 /* Products */ = {
			isa = PBXGroup;
			children = (
				845D265F1C0157CB00C450A6 /* Hanzi.app */,
				845D267B1C0157CC00C450A6 /* HanziTests.xctest */,
				845D26861C0157CC00C450A6 /* HanziUITests.xctest */,
			);
			name = Products;
			sourceTree = "<group>";
		};
		845D26611C0157CB00C450A6 /* Hanzi */ = {
			isa = PBXGroup;
			children = (
				845D26651C0157CB00C450A6 /* AppDelegate.h */,
				845D26661C0157CB00C450A6 /* AppDelegate.m */,
				845D26681C0157CB00C450A6 /* ViewController.h */,
				845D26691C0157CB00C450A6 /* ViewController.m */,
				845D266B1C0157CB00C450A6 /* Main.storyboard */,
				845D26711C0157CB00C450A6 /* Assets.xcassets */,
				845D26731C0157CB00C450A6 /* LaunchScreen.storyboard */,
				845D26761C0157CB00C450A6 /* Info.plist */,
				845D266E1C0157CB00C450A6 /* Hanzi.xcdatamodeld */,
				845D26621C0157CB00C450A6 /* Supporting Files */,
			);
			path = Hanzi;
			sourceTree = "<group>";
		};
		845D26621C0157CB00C450A6 /* Supporting Files */ = {
			isa = PBXGroup;
			children = (
				845D26631C0157CB00C450A6 /* main.m */,
			);
			name = "Supporting Files";
			sourceTree = "<group>";
		};
		845D267E1C0157CC00C450A6 /* HanziTests */ = {
			isa = PBXGroup;
			children = (
				845D267F1C0157CC00C450A6 /* HanziTests.m */,
				845D26811C0157CC00C450A6 /* Info.plist */,
			);
			path = HanziTests;
			sourceTree = "<group>";
		};
		845D26891C0157CC00C450A6 /* HanziUITests */ = {
			isa = PBXGroup;
			children = (
				845D268A1C0157CC00C450A6 /* HanziUITests.m */,
				845D268C1C0157CC00C450A6 /* Info.plist */,
			);
			path = HanziUITests;
			sourceTree = "<group>";
		};
/* End PBXGroup section */

/* Begin PBXNativeTarget section */
		845D265E1C0157CB00C450A6 /* Hanzi */ = {
			isa = PBXNativeTarget;
			buildConfigurationList = 845D268F1C0157CC00C450A6 /* Build configuration list for PBXNativeTarget "Hanzi" */;
			buildPhases = (
				845D265B1C0157CB00C450A6 /* Sources */,
				845D265C1C0157CB00C450A6 /* Frameworks */,
				845D265D1C0157CB00C450A6 /* Resources */,
			);
			buildRules = (
			);
			dependencies = (
			);
			name = Hanzi;
			productName = Hanzi;
			productReference = 845D265F1C0157CB00C450A6 /* Hanzi.app */;
			productType = "com.apple.product-type.application";
		};
		845D267A1C0157CC00C450A6 /* HanziTests */ = {
			isa = PBXNativeTarget;
			buildConfigurationList = 845D26921C0157CC00C450A6 /* Build configuration list for PBXNativeTarget "HanziTests" */;
			buildPhases = (
				845D26771C0157CC00C450A6 /* Sources */,
				845D26781C0157CC00C450A6 /* Frameworks */,
				845D26791C0157CC00C450A6 /* Resources */,
			);
			buildRules = (
			);
			dependencies = (
				845D267D1C0157CC00C450A6 /* PBXTargetDependency */,
			);
			name = HanziTests;
			productName = HanziTests;
			productReference = 845D267B1C0157CC00C450A6 /* HanziTests.xctest */;
			productType = "com.apple.product-type.bundle.unit-test";
		};
		845D26851C0157CC00C450A6 /* HanziUITests */ = {
			isa = PBXNativeTarget;
			buildConfigurationList = 845D26951C0157CC00C450A6 /* Build configuration list for PBXNativeTarget "HanziUITests" */;
			buildPhases = (
				845D26821C0157CC00C450A6 /* Sources */,
				845D26831C0157CC00C450A6 /* Frameworks */,
				845D26841C0157CC00C450A6 /* Resources */,
			);
			buildRules = (
			);
			dependencies = (
				845D26881C0157CC00C450A6 /* PBXTargetDependency */,
			);
			name = HanziUITests;
			productName = HanziUITests;
			productReference = 845D26861C0157CC00C450A6 /* HanziUITests.xctest */;
			productType = "com.apple.product-type.bundle.ui-testing";
		};
/* End PBXNativeTarget section */

/* Begin PBXProject section */
		845D26571C0157CB00C450A6 /* Project object */ = {
			isa = PBXProject;
			attributes = {
				LastUpgradeCheck = 0710;
				ORGANIZATIONNAME = hanzi;
				TargetAttributes = {
					845D265E1C0157CB00C450A6 = {
						CreatedOnToolsVersion = 7.1.1;
					};
					845D267A1C0157CC00C450A6 = {
						CreatedOnToolsVersion = 7.1.1;
						TestTargetID = 845D265E1C0157CB00C450A6;
					};
					845D26851C0157CC00C450A6 = {
						CreatedOnToolsVersion = 7.1.1;
						TestTargetID = 845D265E1C0157CB00C450A6;
					};
				};
			};
			buildConfigurationList = 845D265A1C0157CB00C450A6 /* Build configuration list for PBXProject "Hanzi" */;
			compatibilityVersion = "Xcode 3.2";
			developmentRegion = English;
			hasScannedForEncodings = 0;
			knownRegions = (
				en,
				Base,
			);
			mainGroup = 845D26561C0157CB00C450A6;
			productRefGroup = 845D26601C0157CB00C450A6 /* Products */;
			projectDirPath = "";
			projectRoot = "";
			targets = (
				845D265E1C0157CB00C450A6 /* Hanzi */,
				845D267A1C0157CC00C450A6 /* HanziTests */,
				845D26851C0157CC00C450A6 /* HanziUITests */,
			);
		};
/* End PBXProject section */

/* Begin PBXResourcesBuildPhase section */
		845D265D1C0157CB00C450A6 /* Resources */ = {
			isa = PBXResourcesBuildPhase;
			buildActionMask = 2147483647;
			files = (
				845D26751C0157CB00C450A6 /* LaunchScreen.storyboard in Resources */,
				845D26721C0157CB00C450A6 /* Assets.xcassets in Resources */,
				845D266D1C0157CB00C450A6 /* Main.storyboard in Resources */,
			);
			runOnlyForDeploymentPostprocessing = 0;
		};
		845D26791C0157CC00C450A6 /* Resources */ = {
			isa = PBXResourcesBuildPhase;
			buildActionMask = 2147483647;
			files = (
			);
			runOnlyForDeploymentPostprocessing = 0;
		};
		845D26841C0157CC00C450A6 /* Resources */ = {
			isa = PBXResourcesBuildPhase;
			buildActionMask = 2147483647;
			files = (
			);
			runOnlyForDeploymentPostprocessing = 0;
		};
/* End PBXResourcesBuildPhase section */

/* Begin PBXSourcesBuildPhase section */
		845D265B1C0157CB00C450A6 /* Sources */ = {
			isa = PBXSourcesBuildPhase;
			buildActionMask = 2147483647;
			files = (
				845D26701C0157CB00C450A6 /* Hanzi.xcdatamodeld in Sources */,
				845D266A1C0157CB00C450A6 /* ViewController.m in Sources */,
				845D26671C0157CB00C450A6 /* AppDelegate.m in Sources */,
				845D26641C0157CB00C450A6 /* main.m in Sources */,
			);
			runOnlyForDeploymentPostprocessing = 0;
		};
		845D26771C0157CC00C450A6 /* Sources */ = {
			isa = PBXSourcesBuildPhase;
			buildActionMask = 2147483647;
			files = (
				845D26801C0157CC00C450A6 /* HanziTests.m in Sources */,
			);
			runOnlyForDeploymentPostprocessing = 0;
		};
		845D26821C0157CC00C450A6 /* Sources */ = {
			isa = PBXSourcesBuildPhase;
			buildActionMask = 2147483647;
			files = (
				845D268B1C0157CC00C450A6 /* HanziUITests.m in Sources */,
			);
			runOnlyForDeploymentPostprocessing = 0;
		};
/* End PBXSourcesBuildPhase section */

/* Begin PBXTargetDependency section */
		845D267D1C0157CC00C450A6 /* PBXTargetDependency */ = {
			isa = PBXTargetDependency;
			target = 845D265E1C0157CB00C450A6 /* Hanzi */;
			targetProxy = 845D267C1C0157CC00C450A6 /* PBXContainerItemProxy */;
		};
		845D26881C0157CC00C450A6 /* PBXTargetDependency */ = {
			isa = PBXTargetDependency;
			target = 845D265E1C0157CB00C450A6 /* Hanzi */;
			targetProxy = 845D26871C0157CC00C450A6 /* PBXContainerItemProxy */;
		};
/* End PBXTargetDependency section */

/* Begin PBXVariantGroup section */
		845D266B1C0157CB00C450A6 /* Main.storyboard */ = {
			isa = PBXVariantGroup;
			children = (
				845D266C1C0157CB00C450A6 /* Base */,
			);
			name = Main.storyboard;
			sourceTree = "<group>";
		};
		845D26731C0157CB00C450A6 /* LaunchScreen.storyboard */ = {
			isa = PBXVariantGroup;
			children = (
				845D26741C0157CB00C450A6 /* Base */,
			);
			name = LaunchScreen.storyboard;
			sourceTree = "<group>";
		};
/* End PBXVariantGroup section */

/* Begin XCBuildConfiguration section */
		845D268D1C0157CC00C450A6 /* Debug */ = {
			isa = XCBuildConfiguration;
			buildSettings = {
				ALWAYS_SEARCH_USER_PATHS = NO;
				CLANG_CXX_LANGUAGE_STANDARD = "gnu++0x";
				CLANG_CXX_LIBRARY = "libc++";
				CLANG_ENABLE_MODULES = YES;
				CLANG_ENABLE_OBJC_ARC = YES;
				CLANG_WARN_BOOL_CONVERSION = YES;
				CLANG_WARN_CONSTANT_CONVERSION = YES;
				CLANG_WARN_DIRECT_OBJC_ISA_USAGE = YES_ERROR;
				CLANG_WARN_EMPTY_BODY = YES;
				CLANG_WARN_ENUM_CONVERSION = YES;
				CLANG_WARN_INT_CONVERSION = YES;
				CLANG_WARN_OBJC_ROOT_CLASS = YES_ERROR;
				CLANG_WARN_UNREACHABLE_CODE = YES;
				CLANG_WARN__DUPLICATE_METHOD_MATCH = YES;
				"CODE_SIGN_IDENTITY[sdk=iphoneos*]" = "iPhone Developer";
				COPY_PHASE_STRIP = NO;
				DEBUG_INFORMATION_FORMAT = dwarf;
				ENABLE_STRICT_OBJC_MSGSEND = YES;
				ENABLE_TESTABILITY = YES;
				GCC_C_LANGUAGE_STANDARD = gnu99;
				GCC_DYNAMIC_NO_PIC = NO;
				GCC_NO_COMMON_BLOCKS = YES;
				GCC_OPTIMIZATION_LEVEL = 0;
				GCC_PREPROCESSOR_DEFINITIONS = (
					"DEBUG=1",
					"$(inherited)",
				);
				GCC_WARN_64_TO_32_BIT_CONVERSION = YES;
				GCC_WARN_ABOUT_RETURN_TYPE = YES_ERROR;
				GCC_WARN_UNDECLARED_SELECTOR = YES;
				GCC_WARN_UNINITIALIZED_AUTOS = YES_AGGRESSIVE;
				GCC_WARN_UNUSED_FUNCTION = YES;
				GCC_WARN_UNUSED_VARIABLE = YES;
				IPHONEOS_DEPLOYMENT_TARGET = 9.1;
				MTL_ENABLE_DEBUG_INFO = YES;
				ONLY_ACTIVE_ARCH = YES;
				SDKROOT = iphoneos;
				TARGETED_DEVICE_FAMILY = "1,2";
			};
			name = Debug;
		};
		845D268E1C0157CC00C450A6 /* Release */ = {
			isa = XCBuildConfiguration;
			buildSettings = {
				ALWAYS_SEARCH_USER_PATHS = NO;
				CLANG_CXX_LANGUAGE_STANDARD = "gnu++0x";
				CLANG_CXX_LIBRARY = "libc++";
				CLANG_ENABLE_MODULES = YES;
				CLANG_ENABLE_OBJC_ARC = YES;
				CLANG_WARN_BOOL_CONVERSION = YES;
				CLANG_WARN_CONSTANT_CONVERSION = YES;
				CLANG_WARN_DIRECT_OBJC_ISA_USAGE = YES_ERROR;
				CLANG_WARN_EMPTY_BODY = YES;
				CLANG_WARN_ENUM_CONVERSION = YES;
				CLANG_WARN_INT_CONVERSION = YES;
				CLANG_WARN_OBJC_ROOT_CLASS = YES_ERROR;
				CLANG_WARN_UNREACHABLE_CODE = YES;
				CLANG_WARN__DUPLICATE_METHOD_MATCH = YES;
				"CODE_SIGN_IDENTITY[sdk=iphoneos*]" = "iPhone Developer";
				COPY_PHASE_STRIP = NO;
				DEBUG_INFORMATION_FORMAT = "dwarf-with-dsym";
				ENABLE_NS_ASSERTIONS = NO;
				ENABLE_STRICT_OBJC_MSGSEND = YES;
				GCC_C_LANGUAGE_STANDARD = gnu99;
				GCC_NO_COMMON_BLOCKS = YES;
				GCC_WARN_64_TO_32_BIT_CONVERSION = YES;
				GCC_WARN_ABOUT_RETURN_TYPE = YES_ERROR;
				GCC_WARN_UNDECLARED_SELECTOR = YES;
				GCC_WARN_UNINITIALIZED_AUTOS = YES_AGGRESSIVE;
				GCC_WARN_UNUSED_FUNCTION = YES;
				GCC_WARN_UNUSED_VARIABLE = YES;
				IPHONEOS_DEPLOYMENT_TARGET = 9.1;
				MTL_ENABLE_DEBUG_INFO = NO;
				SDKROOT = iphoneos;
				TARGETED_DEVICE_FAMILY = "1,2";
				VALIDATE_PRODUCT = YES;
			};
			name = Release;
		};
		845D26901C0157CC00C450A6 /* Debug */ = {
			isa = XCBuildConfiguration;
			buildSettings = {
				ASSETCATALOG_COMPILER_APPICON_NAME = AppIcon;
				INFOPLIST_FILE = Hanzi/Info.plist;
				LD_RUNPATH_SEARCH_PATHS = "$(inherited) @executable_path/Frameworks";
				PRODUCT_BUNDLE_IDENTIFIER = com.hanzi.Hanzi;
				PRODUCT_NAME = "$(TARGET_NAME)";
			};
			name = Debug;
		};
		845D26911C0157CC00C450A6 /* Release */ = {
			isa = XCBuildConfiguration;
			buildSettings = {
				ASSETCATALOG_COMPILER_APPICON_NAME = AppIcon;
				INFOPLIST_FILE = Hanzi/Info.plist;
				LD_RUNPATH_SEARCH_PATHS = "$(inherited) @executable_path/Frameworks";
				PRODUCT_BUNDLE_IDENTIFIER = com.hanzi.Hanzi;
				PRODUCT_NAME = "$(TARGET_NAME)";
			};
			name = Release;
		};
		845D26931C0157CC00C450A6 /* Debug */ = {
			isa = XCBuildConfiguration;
			buildSettings = {
				BUNDLE_LOADER = "$(TEST_HOST)";
				INFOPLIST_FILE = HanziTests/Info.plist;
				LD_RUNPATH_SEARCH_PATHS = "$(inherited) @executable_path/Frameworks @loader_path/Frameworks";
				PRODUCT_BUNDLE_IDENTIFIER = com.hanzi.HanziTests;
				PRODUCT_NAME = "$(TARGET_NAME)";
				TEST_HOST = "$(BUILT_PRODUCTS_DIR)/Hanzi.app/Hanzi";
			};
			name = Debug;
		};
		845D26941C0157CC00C450A6 /* Release */ = {
			isa = XCBuildConfiguration;
			buildSettings = {
				BUNDLE_LOADER = "$(TEST_HOST)";
				INFOPLIST_FILE = HanziTests/Info.plist;
				LD_RUNPATH_SEARCH_PATHS = "$(inherited) @executable_path/Frameworks @loader_path/Frameworks";
				PRODUCT_BUNDLE_IDENTIFIER = com.hanzi.HanziTests;
				PRODUCT_NAME = "$(TARGET_NAME)";
				TEST_HOST = "$(BUILT_PRODUCTS_DIR)/Hanzi.app/Hanzi";
			};
			name = Release;
		};
		845D26961C0157CC00C450A6 /* Debug */ = {
			isa = XCBuildConfiguration;
			buildSettings = {
				INFOPLIST_FILE = HanziUITests/Info.plist;
				LD_RUNPATH_SEARCH_PATHS = "$(inherited) @executable_path/Frameworks @loader_path/Frameworks";
				PRODUCT_BUNDLE_IDENTIFIER = com.hanzi.HanziUITests;
				PRODUCT_NAME = "$(TARGET_NAME)";
				TEST_TARGET_NAME = Hanzi;
				USES_XCTRUNNER = YES;
			};
			name = Debug;
		};
		845D26971C0157CC00C450A6 /* Release */ = {
			isa = XCBuildConfiguration;
			buildSettings = {
				INFOPLIST_FILE = HanziUITests/Info.plist;
				LD_RUNPATH_SEARCH_PATHS = "$(inherited) @executable_path/Frameworks @loader_path/Frameworks";
				PRODUCT_BUNDLE_IDENTIFIER = com.hanzi.HanziUITests;
				PRODUCT_NAME = "$(TARGET_NAME)";
				TEST_TARGET_NAME = Hanzi;
				USES_XCTRUNNER = YES;
			};
			name = Release;
		};
/* End XCBuildConfiguration section */

/* Begin XCConfigurationList section */
		845D265A1C0157CB00C450A6 /* Build configuration list for PBXProject "Hanzi" */ = {
			isa = XCConfigurationList;
			buildConfigurations = (
				845D268D1C0157CC00C450A6 /* Debug */,
				845D268E1C0157CC00C450A6 /* Release */,
			);
			defaultConfigurationIsVisible = 0;
			defaultConfigurationName = Release;
		};
		845D268F1C0157CC00C450A6 /* Build configuration list for PBXNativeTarget "Hanzi" */ = {
			isa = XCConfigurationList;
			buildConfigurations = (
				845D26901C0157CC00C450A6 /* Debug */,
				845D26911C0157CC00C450A6 /* Release */,
			);
			defaultConfigurationIsVisible = 0;
		};
		845D26921C0157CC00C450A6 /* Build configuration list for PBXNativeTarget "HanziTests" */ = {
			isa = XCConfigurationList;
			buildConfigurations = (
				845D26931C0157CC00C450A6 /* Debug */,
				845D26941C0157CC00C450A6 /* Release */,
			);
			defaultConfigurationIsVisible = 0;
		};
		845D26951C0157CC00C450A6 /* Build configuration list for PBXNativeTarget "HanziUITests" */ = {
			isa = XCConfigurationList;
			buildConfigurations = (
				845D26961C0157CC00C450A6 /* Debug */,
				845D26971C0157CC00C450A6 /* Release */,
			);
			defaultConfigurationIsVisible = 0;
		};
/* End XCConfigurationList section */

/* Begin XCVersionGroup section */
		845D266E1C0157CB00C450A6 /* Hanzi.xcdatamodeld */ = {
			isa = XCVersionGroup;
			children = (
				845D266F1C0157CB00C450A6 /* Hanzi.xcdatamodel */,
			);
			currentVersion = 845D266F1C0157CB00C450A6 /* Hanzi.xcdatamodel */;
			path = Hanzi.xcdatamodeld;
			sourceTree = "<group>";
			versionGroupType = wrapper.xcdatamodel;
		};
/* End XCVersionGroup section */
	};
	rootObject = 845D26571C0157CB00C450A6 /* Project object */;
}
